
Microsoft Visual Studio Solution File, Format Version 12.00
# Visual Studio Version 17
VisualStudioVersion = 17.9.34607.119
MinimumVisualStudioVersion = 10.0.40219.1
Project("{FAE04EC0-301F-11D3-BF4B-00C04F79EFBC}") = "WpfEncryptApp", "WpfEncryptApp.csproj", "{404C9343-E565-41D6-80F3-29895661D0D1}"
EndProject
Global
	GlobalSection(SolutionConfigurationPlatforms) = preSolution
		Debug|Any CPU = Debug|Any CPU
		Release|Any CPU = Release|Any CPU
	EndGlobalSection
	GlobalSection(ProjectConfigurationPlatforms) = postSolution
		{404C9343-E565-41D6-80F3-29895661D0D1}.Debug|Any CPU.ActiveCfg = Debug|Any CPU
		{404C9343-E565-41D6-80F3-29895661D0D1}.Debug|Any CPU.Build.0 = Debug|Any CPU
		{404C9343-E565-41D6-80F3-29895661D0D1}.Release|Any CPU.ActiveCfg = Release|Any CPU
		{404C9343-E565-41D6-80F3-29895661D0D1}.Release|Any CPU.Build.0 = Release|Any CPU
	EndGlobalSection
	GlobalSection(SolutionProperties) = preSolution
		HideSolutionNode = FALSE
	EndGlobalSection
	GlobalSection(ExtensibilityGlobals) = postSolution
		SolutionGuid = {F4AA78E6-56E8-4003-8F1D-85B7C381DCD7}
	EndGlobalSection
EndGlobal
